
Microsoft Visual Studio Solution File, Format Version 12.00
# Visual Studio Version 16
VisualStudioVersion = 16.0.29728.190
MinimumVisualStudioVersion = 10.0.40219.1
Project("{FAE04EC0-301F-11D3-BF4B-00C04F79EFBC}") = "crud_music", "crud_music.csproj", "{60147C6B-B280-44B9-A556-D9D020A673F3}"
EndProject
Global
	GlobalSection(SolutionConfigurationPlatforms) = preSolution
		Debug|Any CPU = Debug|Any CPU
		Release|Any CPU = Release|Any CPU
	EndGlobalSection
	GlobalSection(ProjectConfigurationPlatforms) = postSolution
		{60147C6B-B280-44B9-A556-D9D020A673F3}.Debug|Any CPU.ActiveCfg = Debug|Any CPU
		{60147C6B-B280-44B9-A556-D9D020A673F3}.Debug|Any CPU.Build.0 = Debug|Any CPU
		{60147C6B-B280-44B9-A556-D9D020A673F3}.Release|Any CPU.ActiveCfg = Release|Any CPU
		{60147C6B-B280-44B9-A556-D9D020A673F3}.Release|Any CPU.Build.0 = Release|Any CPU
	EndGlobalSection
	GlobalSection(SolutionProperties) = preSolution
		HideSolutionNode = FALSE
	EndGlobalSection
	GlobalSection(ExtensibilityGlobals) = postSolution
		SolutionGuid = {3087528B-F66C-4D61-AE05-2AE6D1EEF47E}
	EndGlobalSection
EndGlobal
